<?xml version="1.0" encoding="utf-8"?>
<Project ToolsVersion="4.0" xmlns="http://schemas.microsoft.com/developer/msbuild/2003">
  <ItemGroup>
    <ClCompile Include="main.cpp" />
    <ClCompile Include="CarGameApp.cpp">
      <Filter>Source</Filter>
    </ClCompile>
    <ClCompile Include="Camera.cpp">
      <Filter>Source</Filter>
    </ClCompile>
    <ClCompile Include="d3dApp.cpp">
      <Filter>Source</Filter>
    </ClCompile>
    <ClCompile Include="GameObject.cpp">
      <Filter>Source</Filter>
    </ClCompile>
    <ClCompile Include="GameObjectRenderer.cpp">
      <Filter>Source</Filter>
    </ClCompile>
    <ClCompile Include="LoadGameObjects.cpp">
      <Filter>Source</Filter>
    </ClCompile>
    <ClCompile Include="ShaderStructure.cpp">
      <Filter>Source</Filter>
    </ClCompile>
    <ClCompile Include="timer.cpp">
      <Filter>Source</Filter>
    </ClCompile>
    <ClCompile Include="Utilities.cpp">
      <Filter>Source</Filter>
    </ClCompile>
    <ClCompile Include="LightingStructures.cpp">
      <Filter>Source</Filter>
    </ClCompile>
    <ClCompile Include="DDSTextureLoader\DDSTextureLoader.cpp">
      <Filter>TextureLoader</Filter>
    </ClCompile>
    <ClCompile Include="WICTextureLoader\WICTextureLoader.cpp">
      <Filter>TextureLoader</Filter>
    </ClCompile>
    <ClCompile Include="GameObjectRendererWithTex.cpp">
      <Filter>Source</Filter>
    </ClCompile>
    <ClCompile Include="MouseController.cpp">
      <Filter>Source</Filter>
    </ClCompile>
    <ClCompile Include="KeyboardController.cpp">
      <Filter>Source</Filter>
    </ClCompile>
    <ClCompile Include="Car.cpp">
      <Filter>Source</Filter>
    </ClCompile>
  </ItemGroup>
  <ItemGroup>
    <ClInclude Include="Camera.h">
      <Filter>Header</Filter>
    </ClInclude>
    <ClInclude Include="CarGameApp.h">
      <Filter>Header</Filter>
    </ClInclude>
    <ClInclude Include="d3dApp.h">
      <Filter>Header</Filter>
    </ClInclude>
    <ClInclude Include="GameObject.h">
      <Filter>Header</Filter>
    </ClInclude>
    <ClInclude Include="GameObjectRenderer.h">
      <Filter>Header</Filter>
    </ClInclude>
    <ClInclude Include="LoadGameObjects.h">
      <Filter>Header</Filter>
    </ClInclude>
    <ClInclude Include="ShaderStructure.h">
      <Filter>Header</Filter>
    </ClInclude>
    <ClInclude Include="timer.h">
      <Filter>Header</Filter>
    </ClInclude>
    <ClInclude Include="Utilities.h">
      <Filter>Header</Filter>
    </ClInclude>
    <ClInclude Include="LightingStructures.h">
      <Filter>Header</Filter>
    </ClInclude>
    <ClInclude Include="DDSTextureLoader\DDSTextureLoader.h">
      <Filter>TextureLoader</Filter>
    </ClInclude>
    <ClInclude Include="WICTextureLoader\WICTextureLoader.h">
      <Filter>TextureLoader</Filter>
    </ClInclude>
    <ClInclude Include="GameObjectRendererWithTex.h">
      <Filter>Header</Filter>
    </ClInclude>
    <ClInclude Include="MouseController.h">
      <Filter>Header</Filter>
    </ClInclude>
    <ClInclude Include="KeyboardController.h">
      <Filter>Header</Filter>
    </ClInclude>
    <ClInclude Include="Car.h">
      <Filter>Header</Filter>
    </ClInclude>
    <ClInclude Include="ShadowRenderer.h">
      <Filter>Header</Filter>
    </ClInclude>
  </ItemGroup>
  <ItemGroup>
    <Filter Include="Header">
      <UniqueIdentifier>{2476f6a7-c1ae-413b-9002-01c0ad747b2b}</UniqueIdentifier>
    </Filter>
    <Filter Include="Source">
      <UniqueIdentifier>{657f8544-b88c-4753-999a-17963ccc6dac}</UniqueIdentifier>
    </Filter>
    <Filter Include="Shaders">
      <UniqueIdentifier>{e99cae70-0641-4aac-b1cc-19f89dd50c4e}</UniqueIdentifier>
    </Filter>
    <Filter Include="TextureLoader">
      <UniqueIdentifier>{9cdcf40a-d701-43b8-97f2-4e7fc545b4ef}</UniqueIdentifier>
    </Filter>
    <Filter Include="Textures">
      <UniqueIdentifier>{3a265c0b-140c-450c-9ffc-eba1c4bff3ce}</UniqueIdentifier>
    </Filter>
    <Filter Include="Models">
      <UniqueIdentifier>{dde4b9d1-bfbb-43d0-bc5f-2d8e1928ca97}</UniqueIdentifier>
    </Filter>
  </ItemGroup>
  <ItemGroup>
    <Image Include="Textures\Ground.jpg">
      <Filter>Textures</Filter>
    </Image>
    <Image Include="Textures\skybox.png">
      <Filter>Textures</Filter>
    </Image>
    <Image Include="Textures\leaf_ground.jpg">
      <Filter>Textures</Filter>
    </Image>
    <Image Include="Textures\tire.jpg">
      <Filter>Textures</Filter>
    </Image>
    <Image Include="Textures\road.jpg">
      <Filter>Textures</Filter>
    </Image>
    <Image Include="Textures\fat_tree.png">
      <Filter>Textures</Filter>
    </Image>
    <Image Include="Textures\car_light.jpg">
      <Filter>Textures</Filter>
    </Image>
  </ItemGroup>
  <ItemGroup>
    <FxCompile Include="Shaders\ColorPixelShader.hlsl">
      <Filter>Shaders</Filter>
    </FxCompile>
    <FxCompile Include="Shaders\ColorVertexShader.hlsl">
      <Filter>Shaders</Filter>
    </FxCompile>
    <FxCompile Include="Shaders\SkyPixel.hlsl">
      <Filter>Shaders</Filter>
    </FxCompile>
    <FxCompile Include="Shaders\SkyVertex.hlsl">
      <Filter>Shaders</Filter>
    </FxCompile>
    <FxCompile Include="Shaders\TexPixelShader.hlsl">
      <Filter>Shaders</Filter>
    </FxCompile>
    <FxCompile Include="Shaders\TexVertexShader.hlsl">
      <Filter>Shaders</Filter>
    </FxCompile>
    <FxCompile Include="Shaders\ShadowVertexShader.hlsl">
      <Filter>Shaders</Filter>
    </FxCompile>
    <FxCompile Include="ShadowPixelShader.hlsl">
      <Filter>Shaders</Filter>
    </FxCompile>
  </ItemGroup>
  <ItemGroup>
    <None Include="Shaders\Structures.hlsli">
      <Filter>Shaders</Filter>
    </None>
  </ItemGroup>
  <ItemGroup>
    <Object Include="Models\apple_tree_01.obj">
      <Filter>Models</Filter>
    </Object>
    <Object Include="Models\apple_tree_02.obj">
      <Filter>Models</Filter>
    </Object>
    <Object Include="Models\apple_tree_03.obj">
      <Filter>Models</Filter>
    </Object>
    <Object Include="Models\apple_tree_04.obj">
      <Filter>Models</Filter>
    </Object>
    <Object Include="Models\apple_tree_05.obj">
      <Filter>Models</Filter>
    </Object>
    <Object Include="Models\fat_tree.obj">
      <Filter>Models</Filter>
    </Object>
  </ItemGroup>
</Project>